// !$*UTF8*$!
{
	archiveVersion = 1;
	classes = {
	};
	objectVersion = 46;
	objects = {

/* Begin PBXBuildFile section */
		D5F15F971AD61EA000FA2568 /* AppDelegate.swift in Sources */ = {isa = PBXBuildFile; fileRef = D5F15F961AD61EA000FA2568 /* AppDelegate.swift */; };
		D5F15F991AD61EA000FA2568 /* ViewController.swift in Sources */ = {isa = PBXBuildFile; fileRef = D5F15F981AD61EA000FA2568 /* ViewController.swift */; };
		D5F15F9C1AD61EA000FA2568 /* Main.storyboard in Resources */ = {isa = PBXBuildFile; fileRef = D5F15F9A1AD61EA000FA2568 /* Main.storyboard */; };
		D5F15F9E1AD61EA000FA2568 /* Images.xcassets in Resources */ = {isa = PBXBuildFile; fileRef = D5F15F9D1AD61EA000FA2568 /* Images.xcassets */; };
		D5F15FA11AD61EA000FA2568 /* LaunchScreen.xib in Resources */ = {isa = PBXBuildFile; fileRef = D5F15F9F1AD61EA000FA2568 /* LaunchScreen.xib */; };
		D5F15FAD1AD61EA000FA2568 /* swift_demoTests.swift in Sources */ = {isa = PBXBuildFile; fileRef = D5F15FAC1AD61EA000FA2568 /* swift_demoTests.swift */; };
/* End PBXBuildFile section */

/* Begin PBXContainerItemProxy section */
		D5F15FA71AD61EA000FA2568 /* PBXContainerItemProxy */ = {
			isa = PBXContainerItemProxy;
			containerPortal = D5F15F891AD61E9F00FA2568 /* Project object */;
			proxyType = 1;
			remoteGlobalIDString = D5F15F901AD61E9F00FA2568;
			remoteInfo = swift_demo;
		};
/* End PBXContainerItemProxy section */

/* Begin PBXFileReference section */
		D5F15F911AD61EA000FA2568 /* swift_demo.app */ = {isa = PBXFileReference; explicitFileType = wrapper.application; includeInIndex = 0; path = swift_demo.app; sourceTree = BUILT_PRODUCTS_DIR; };
		D5F15F951AD61EA000FA2568 /* Info.plist */ = {isa = PBXFileReference; lastKnownFileType = text.plist.xml; path = Info.plist; sourceTree = "<group>"; };
		D5F15F961AD61EA000FA2568 /* AppDelegate.swift */ = {isa = PBXFileReference; lastKnownFileType = sourcecode.swift; path = AppDelegate.swift; sourceTree = "<group>"; };
		D5F15F981AD61EA000FA2568 /* ViewController.swift */ = {isa = PBXFileReference; lastKnownFileType = sourcecode.swift; path = ViewController.swift; sourceTree = "<group>"; };
		D5F15F9B1AD61EA000FA2568 /* Base */ = {isa = PBXFileReference; lastKnownFileType = file.storyboard; name = Base; path = Base.lproj/Main.storyboard; sourceTree = "<group>"; };
		D5F15F9D1AD61EA000FA2568 /* Images.xcassets */ = {isa = PBXFileReference; lastKnownFileType = folder.assetcatalog; path = Images.xcassets; sourceTree = "<group>"; };
		D5F15FA01AD61EA000FA2568 /* Base */ = {isa = PBXFileReference; lastKnownFileType = file.xib; name = Base; path = Base.lproj/LaunchScreen.xib; sourceTree = "<group>"; };
		D5F15FA61AD61EA000FA2568 /* swift_demoTests.xctest */ = {isa = PBXFileReference; explicitFileType = wrapper.cfbundle; includeInIndex = 0; path = swift_demoTests.xctest; sourceTree = BUILT_PRODUCTS_DIR; };
		D5F15FAB1AD61EA000FA2568 /* Info.plist */ = {isa = PBXFileReference; lastKnownFileType = text.plist.xml; path = Info.plist; sourceTree = "<group>"; };
		D5F15FAC1AD61EA000FA2568 /* swift_demoTests.swift */ = {isa = PBXFileReference; lastKnownFileType = sourcecode.swift; path = swift_demoTests.swift; sourceTree = "<group>"; };
/* End PBXFileReference section */

/* Begin PBXFrameworksBuildPhase section */
		D5F15F8E1AD61E9F00FA2568 /* Frameworks */ = {
			isa = PBXFrameworksBuildPhase;
			buildActionMask = 2147483647;
			files = (
			);
			runOnlyForDeploymentPostprocessing = 0;
		};
		D5F15FA31AD61EA000FA2568 /* Frameworks */ = {
			isa = PBXFrameworksBuildPhase;
			buildActionMask = 2147483647;
			files = (
			);
			runOnlyForDeploymentPostprocessing = 0;
		};
/* End PBXFrameworksBuildPhase section */

/* Begin PBXGroup section */
		D5F15F881AD61E9F00FA2568 = {
			isa = PBXGroup;
			children = (
				D5F15F931AD61EA000FA2568 /* swift_demo */,
				D5F15FA91AD61EA000FA2568 /* swift_demoTests */,
				D5F15F921AD61EA000FA2568 /* Products */,
			);
			sourceTree = "<group>";
		};
		D5F15F921AD61EA000FA2568 /* Products */ = {
			isa = PBXGroup;
			children = (
				D5F15F911AD61EA000FA2568 /* swift_demo.app */,
				D5F15FA61AD61EA000FA2568 /* swift_demoTests.xctest */,
			);
			name = Products;
			sourceTree = "<group>";
		};
		D5F15F931AD61EA000FA2568 /* swift_demo */ = {
			isa = PBXGroup;
			children = (
				D5F15F961AD61EA000FA2568 /* AppDelegate.swift */,
				D5F15F981AD61EA000FA2568 /* ViewController.swift */,
				D5F15F9A1AD61EA000FA2568 /* Main.storyboard */,
				D5F15F9D1AD61EA000FA2568 /* Images.xcassets */,
				D5F15F9F1AD61EA000FA2568 /* LaunchScreen.xib */,
				D5F15F941AD61EA000FA2568 /* Supporting Files */,
			);
			path = swift_demo;
			sourceTree = "<group>";
		};
		D5F15F941AD61EA000FA2568 /* Supporting Files */ = {
			isa = PBXGroup;
			children = (
				D5F15F951AD61EA000FA2568 /* Info.plist */,
			);
			name = "Supporting Files";
			sourceTree = "<group>";
		};
		D5F15FA91AD61EA000FA2568 /* swift_demoTests */ = {
			isa = PBXGroup;
			children = (
				D5F15FAC1AD61EA000FA2568 /* swift_demoTests.swift */,
				D5F15FAA1AD61EA000FA2568 /* Supporting Files */,
			);
			path = swift_demoTests;
			sourceTree = "<group>";
		};
		D5F15FAA1AD61EA000FA2568 /* Supporting Files */ = {
			isa = PBXGroup;
			children = (
				D5F15FAB1AD61EA000FA2568 /* Info.plist */,
			);
			name = "Supporting Files";
			sourceTree = "<group>";
		};
/* End PBXGroup section */

/* Begin PBXNativeTarget section */
		D5F15F901AD61E9F00FA2568 /* swift_demo */ = {
			isa = PBXNativeTarget;
			buildConfigurationList = D5F15FB01AD61EA000FA2568 /* Build configuration list for PBXNativeTarget "swift_demo" */;
			buildPhases = (
				D5F15F8D1AD61E9F00FA2568 /* Sources */,
				D5F15F8E1AD61E9F00FA2568 /* Frameworks */,
				D5F15F8F1AD61E9F00FA2568 /* Resources */,
			);
			buildRules = (
			);
			dependencies = (
			);
			name = swift_demo;
			productName = swift_demo;
			productReference = D5F15F911AD61EA000FA2568 /* swift_demo.app */;
			productType = "com.apple.product-type.application";
		};
		D5F15FA51AD61EA000FA2568 /* swift_demoTests */ = {
			isa = PBXNativeTarget;
			buildConfigurationList = D5F15FB31AD61EA000FA2568 /* Build configuration list for PBXNativeTarget "swift_demoTests" */;
			buildPhases = (
				D5F15FA21AD61EA000FA2568 /* Sources */,
				D5F15FA31AD61EA000FA2568 /* Frameworks */,
				D5F15FA41AD61EA000FA2568 /* Resources */,
			);
			buildRules = (
			);
			dependencies = (
				D5F15FA81AD61EA000FA2568 /* PBXTargetDependency */,
			);
			name = swift_demoTests;
			productName = swift_demoTests;
			productReference = D5F15FA61AD61EA000FA2568 /* swift_demoTests.xctest */;
			productType = "com.apple.product-type.bundle.unit-test";
		};
/* End PBXNativeTarget section */

/* Begin PBXProject section */
		D5F15F891AD61E9F00FA2568 /* Project object */ = {
			isa = PBXProject;
			attributes = {
				LastUpgradeCheck = 0620;
				ORGANIZATIONNAME = static;
				TargetAttributes = {
					D5F15F901AD61E9F00FA2568 = {
						CreatedOnToolsVersion = 6.2;
					};
					D5F15FA51AD61EA000FA2568 = {
						CreatedOnToolsVersion = 6.2;
						TestTargetID = D5F15F901AD61E9F00FA2568;
					};
				};
			};
			buildConfigurationList = D5F15F8C1AD61E9F00FA2568 /* Build configuration list for PBXProject "swift_demo" */;
			compatibilityVersion = "Xcode 3.2";
			developmentRegion = English;
			hasScannedForEncodings = 0;
			knownRegions = (
				en,
				Base,
			);
			mainGroup = D5F15F881AD61E9F00FA2568;
			productRefGroup = D5F15F921AD61EA000FA2568 /* Products */;
			projectDirPath = "";
			projectRoot = "";
			targets = (
				D5F15F901AD61E9F00FA2568 /* swift_demo */,
				D5F15FA51AD61EA000FA2568 /* swift_demoTests */,
			);
		};
/* End PBXProject section */

/* Begin PBXResourcesBuildPhase section */
		D5F15F8F1AD61E9F00FA2568 /* Resources */ = {
			isa = PBXResourcesBuildPhase;
			buildActionMask = 2147483647;
			files = (
				D5F15F9C1AD61EA000FA2568 /* Main.storyboard in Resources */,
				D5F15FA11AD61EA000FA2568 /* LaunchScreen.xib in Resources */,
				D5F15F9E1AD61EA000FA2568 /* Images.xcassets in Resources */,
			);
			runOnlyForDeploymentPostprocessing = 0;
		};
		D5F15FA41AD61EA000FA2568 /* Resources */ = {
			isa = PBXResourcesBuildPhase;
			buildActionMask = 2147483647;
			files = (
			);
			runOnlyForDeploymentPostprocessing = 0;
		};
/* End PBXResourcesBuildPhase section */

/* Begin PBXSourcesBuildPhase section */
		D5F15F8D1AD61E9F00FA2568 /* Sources */ = {
			isa = PBXSourcesBuildPhase;
			buildActionMask = 2147483647;
			files = (
				D5F15F991AD61EA000FA2568 /* ViewController.swift in Sources */,
				D5F15F971AD61EA000FA2568 /* AppDelegate.swift in Sources */,
			);
			runOnlyForDeploymentPostprocessing = 0;
		};
		D5F15FA21AD61EA000FA2568 /* Sources */ = {
			isa = PBXSourcesBuildPhase;
			buildActionMask = 2147483647;
			files = (
				D5F15FAD1AD61EA000FA2568 /* swift_demoTests.swift in Sources */,
			);
			runOnlyForDeploymentPostprocessing = 0;
		};
/* End PBXSourcesBuildPhase section */

/* Begin PBXTargetDependency section */
		D5F15FA81AD61EA000FA2568 /* PBXTargetDependency */ = {
			isa = PBXTargetDependency;
			target = D5F15F901AD61E9F00FA2568 /* swift_demo */;
			targetProxy = D5F15FA71AD61EA000FA2568 /* PBXContainerItemProxy */;
		};
/* End PBXTargetDependency section */

/* Begin PBXVariantGroup section */
		D5F15F9A1AD61EA000FA2568 /* Main.storyboard */ = {
			isa = PBXVariantGroup;
			children = (
				D5F15F9B1AD61EA000FA2568 /* Base */,
			);
			name = Main.storyboard;
			sourceTree = "<group>";
		};
		D5F15F9F1AD61EA000FA2568 /* LaunchScreen.xib */ = {
			isa = PBXVariantGroup;
			children = (
				D5F15FA01AD61EA000FA2568 /* Base */,
			);
			name = LaunchScreen.xib;
			sourceTree = "<group>";
		};
/* End PBXVariantGroup section */

/* Begin XCBuildConfiguration section */
		D5F15FAE1AD61EA000FA2568 /* Debug */ = {
			isa = XCBuildConfiguration;
			buildSettings = {
				ALWAYS_SEARCH_USER_PATHS = NO;
				CLANG_CXX_LANGUAGE_STANDARD = "gnu++0x";
				CLANG_CXX_LIBRARY = "libc++";
				CLANG_ENABLE_MODULES = YES;
				CLANG_ENABLE_OBJC_ARC = YES;
				CLANG_WARN_BOOL_CONVERSION = YES;
				CLANG_WARN_CONSTANT_CONVERSION = YES;
				CLANG_WARN_DIRECT_OBJC_ISA_USAGE = YES_ERROR;
				CLANG_WARN_EMPTY_BODY = YES;
				CLANG_WARN_ENUM_CONVERSION = YES;
				CLANG_WARN_INT_CONVERSION = YES;
				CLANG_WARN_OBJC_ROOT_CLASS = YES_ERROR;
				CLANG_WARN_UNREACHABLE_CODE = YES;
				CLANG_WARN__DUPLICATE_METHOD_MATCH = YES;
				"CODE_SIGN_IDENTITY[sdk=iphoneos*]" = "iPhone Developer";
				COPY_PHASE_STRIP = NO;
				ENABLE_STRICT_OBJC_MSGSEND = YES;
				GCC_C_LANGUAGE_STANDARD = gnu99;
				GCC_DYNAMIC_NO_PIC = NO;
				GCC_OPTIMIZATION_LEVEL = 0;
				GCC_PREPROCESSOR_DEFINITIONS = (
					"DEBUG=1",
					"$(inherited)",
				);
				GCC_SYMBOLS_PRIVATE_EXTERN = NO;
				GCC_WARN_64_TO_32_BIT_CONVERSION = YES;
				GCC_WARN_ABOUT_RETURN_TYPE = YES_ERROR;
				GCC_WARN_UNDECLARED_SELECTOR = YES;
				GCC_WARN_UNINITIALIZED_AUTOS = YES_AGGRESSIVE;
				GCC_WARN_UNUSED_FUNCTION = YES;
				GCC_WARN_UNUSED_VARIABLE = YES;
				IPHONEOS_DEPLOYMENT_TARGET = 8.2;
				MTL_ENABLE_DEBUG_INFO = YES;
				ONLY_ACTIVE_ARCH = YES;
				SDKROOT = iphoneos;
				SWIFT_OPTIMIZATION_LEVEL = "-Onone";
			};
			name = Debug;
		};
		D5F15FAF1AD61EA000FA2568 /* Release */ = {
			isa = XCBuildConfiguration;
			buildSettings = {
				ALWAYS_SEARCH_USER_PATHS = NO;
				CLANG_CXX_LANGUAGE_STANDARD = "gnu++0x";
				CLANG_CXX_LIBRARY = "libc++";
				CLANG_ENABLE_MODULES = YES;
				CLANG_ENABLE_OBJC_ARC = YES;
				CLANG_WARN_BOOL_CONVERSION = YES;
				CLANG_WARN_CONSTANT_CONVERSION = YES;
				CLANG_WARN_DIRECT_OBJC_ISA_USAGE = YES_ERROR;
				CLANG_WARN_EMPTY_BODY = YES;
				CLANG_WARN_ENUM_CONVERSION = YES;
				CLANG_WARN_INT_CONVERSION = YES;
				CLANG_WARN_OBJC_ROOT_CLASS = YES_ERROR;
				CLANG_WARN_UNREACHABLE_CODE = YES;
				CLANG_WARN__DUPLICATE_METHOD_MATCH = YES;
				"CODE_SIGN_IDENTITY[sdk=iphoneos*]" = "iPhone Developer";
				COPY_PHASE_STRIP = NO;
				ENABLE_NS_ASSERTIONS = NO;
				ENABLE_STRICT_OBJC_MSGSEND = YES;
				GCC_C_LANGUAGE_STANDARD = gnu99;
				GCC_WARN_64_TO_32_BIT_CONVERSION = YES;
				GCC_WARN_ABOUT_RETURN_TYPE = YES_ERROR;
				GCC_WARN_UNDECLARED_SELECTOR = YES;
				GCC_WARN_UNINITIALIZED_AUTOS = YES_AGGRESSIVE;
				GCC_WARN_UNUSED_FUNCTION = YES;
				GCC_WARN_UNUSED_VARIABLE = YES;
				IPHONEOS_DEPLOYMENT_TARGET = 8.2;
				MTL_ENABLE_DEBUG_INFO = NO;
				SDKROOT = iphoneos;
				VALIDATE_PRODUCT = YES;
			};
			name = Release;
		};
		D5F15FB11AD61EA000FA2568 /* Debug */ = {
			isa = XCBuildConfiguration;
			buildSettings = {
				ASSETCATALOG_COMPILER_APPICON_NAME = AppIcon;
				INFOPLIST_FILE = swift_demo/Info.plist;
				LD_RUNPATH_SEARCH_PATHS = "$(inherited) @executable_path/Frameworks";
				PRODUCT_NAME = "$(TARGET_NAME)";
			};
			name = Debug;
		};
		D5F15FB21AD61EA000FA2568 /* Release */ = {
			isa = XCBuildConfiguration;
			buildSettings = {
				ASSETCATALOG_COMPILER_APPICON_NAME = AppIcon;
				INFOPLIST_FILE = swift_demo/Info.plist;
				LD_RUNPATH_SEARCH_PATHS = "$(inherited) @executable_path/Frameworks";
				PRODUCT_NAME = "$(TARGET_NAME)";
			};
			name = Release;
		};
		D5F15FB41AD61EA000FA2568 /* Debug */ = {
			isa = XCBuildConfiguration;
			buildSettings = {
				BUNDLE_LOADER = "$(TEST_HOST)";
				FRAMEWORK_SEARCH_PATHS = (
					"$(SDKROOT)/Developer/Library/Frameworks",
					"$(inherited)",
				);
				GCC_PREPROCESSOR_DEFINITIONS = (
					"DEBUG=1",
					"$(inherited)",
				);
				INFOPLIST_FILE = swift_demoTests/Info.plist;
				LD_RUNPATH_SEARCH_PATHS = "$(inherited) @executable_path/Frameworks @loader_path/Frameworks";
				PRODUCT_NAME = "$(TARGET_NAME)";
				TEST_HOST = "$(BUILT_PRODUCTS_DIR)/swift_demo.app/swift_demo";
			};
			name = Debug;
		};
		D5F15FB51AD61EA000FA2568 /* Release */ = {
			isa = XCBuildConfiguration;
			buildSettings = {
				BUNDLE_LOADER = "$(TEST_HOST)";
				FRAMEWORK_SEARCH_PATHS = (
					"$(SDKROOT)/Developer/Library/Frameworks",
					"$(inherited)",
				);
				INFOPLIST_FILE = swift_demoTests/Info.plist;
				LD_RUNPATH_SEARCH_PATHS = "$(inherited) @executable_path/Frameworks @loader_path/Frameworks";
				PRODUCT_NAME = "$(TARGET_NAME)";
				TEST_HOST = "$(BUILT_PRODUCTS_DIR)/swift_demo.app/swift_demo";
			};
			name = Release;
		};
/* End XCBuildConfiguration section */

/* Begin XCConfigurationList section */
		D5F15F8C1AD61E9F00FA2568 /* Build configuration list for PBXProject "swift_demo" */ = {
			isa = XCConfigurationList;
			buildConfigurations = (
				D5F15FAE1AD61EA000FA2568 /* Debug */,
				D5F15FAF1AD61EA000FA2568 /* Release */,
			);
			defaultConfigurationIsVisible = 0;
			defaultConfigurationName = Release;
		};
		D5F15FB01AD61EA000FA2568 /* Build configuration list for PBXNativeTarget "swift_demo" */ = {
			isa = XCConfigurationList;
			buildConfigurations = (
				D5F15FB11AD61EA000FA2568 /* Debug */,
				D5F15FB21AD61EA000FA2568 /* Release */,
			);
			defaultConfigurationIsVisible = 0;
		};
		D5F15FB31AD61EA000FA2568 /* Build configuration list for PBXNativeTarget "swift_demoTests" */ = {
			isa = XCConfigurationList;
			buildConfigurations = (
				D5F15FB41AD61EA000FA2568 /* Debug */,
				D5F15FB51AD61EA000FA2568 /* Release */,
			);
			defaultConfigurationIsVisible = 0;
		};
/* End XCConfigurationList section */
	};
	rootObject = D5F15F891AD61E9F00FA2568 /* Project object */;
}
